
Microsoft Visual Studio Solution File, Format Version 12.00
# Visual Studio Version 17
VisualStudioVersion = 17.13.35825.156 d17.13
MinimumVisualStudioVersion = 10.0.40219.1
Project("{FAE04EC0-301F-11D3-BF4B-00C04F79EFBC}") = "TCSA.OOP.LibraryManagementSystem", "TCSA.OOP.LibraryManagementSystem\TCSA.OOP.LibraryManagementSystem.csproj", "{52C776AF-FA6D-4C97-AA9A-7FD60AAD3764}"
EndProject
Global
	GlobalSection(SolutionConfigurationPlatforms) = preSolution
		Debug|Any CPU = Debug|Any CPU
		Release|Any CPU = Release|Any CPU
	EndGlobalSection
	GlobalSection(ProjectConfigurationPlatforms) = postSolution
		{52C776AF-FA6D-4C97-AA9A-7FD60AAD3764}.Debug|Any CPU.ActiveCfg = Debug|Any CPU
		{52C776AF-FA6D-4C97-AA9A-7FD60AAD3764}.Debug|Any CPU.Build.0 = Debug|Any CPU
		{52C776AF-FA6D-4C97-AA9A-7FD60AAD3764}.Release|Any CPU.ActiveCfg = Release|Any CPU
		{52C776AF-FA6D-4C97-AA9A-7FD60AAD3764}.Release|Any CPU.Build.0 = Release|Any CPU
	EndGlobalSection
	GlobalSection(SolutionProperties) = preSolution
		HideSolutionNode = FALSE
	EndGlobalSection
	GlobalSection(ExtensibilityGlobals) = postSolution
		SolutionGuid = {60541230-2924-4BE5-B40F-7BD81ECE27E5}
	EndGlobalSection
EndGlobal
